
Microsoft Visual Studio Solution File, Format Version 12.00
# Visual Studio Version 17
VisualStudioVersion = 17.9.34723.18
MinimumVisualStudioVersion = 10.0.40219.1
Project("{FAE04EC0-301F-11D3-BF4B-00C04F79EFBC}") = "ProyectoBD", "ProyectoBD\ProyectoBD.csproj", "{33F7507F-EF55-45D2-8CE4-F78A90E66582}"
EndProject
Global
	GlobalSection(SolutionConfigurationPlatforms) = preSolution
		Debug|Any CPU = Debug|Any CPU
		Release|Any CPU = Release|Any CPU
	EndGlobalSection
	GlobalSection(ProjectConfigurationPlatforms) = postSolution
		{33F7507F-EF55-45D2-8CE4-F78A90E66582}.Debug|Any CPU.ActiveCfg = Debug|Any CPU
		{33F7507F-EF55-45D2-8CE4-F78A90E66582}.Debug|Any CPU.Build.0 = Debug|Any CPU
		{33F7507F-EF55-45D2-8CE4-F78A90E66582}.Release|Any CPU.ActiveCfg = Release|Any CPU
		{33F7507F-EF55-45D2-8CE4-F78A90E66582}.Release|Any CPU.Build.0 = Release|Any CPU
	EndGlobalSection
	GlobalSection(SolutionProperties) = preSolution
		HideSolutionNode = FALSE
	EndGlobalSection
	GlobalSection(ExtensibilityGlobals) = postSolution
		SolutionGuid = {3CA4FB8A-5B34-45E5-89E2-C71528A59383}
	EndGlobalSection
EndGlobal
